{"1.2.0",
[{<<"evoq">>,{pkg,<<"evoq">>,<<"1.1.0">>},0},
 {<<"reckon_gater">>,{pkg,<<"reckon_gater">>,<<"1.0.0">>},0},
 {<<"telemetry">>,{pkg,<<"telemetry">>,<<"1.3.0">>},0}]}.
[
{pkg_hash,[
 {<<"evoq">>, <<"A7A5E45989F8495D313928E099FEDBD05DA0C04FF3028787E13D752BBA559266">>},
 {<<"reckon_gater">>, <<"D4278AD0A47E8EF6103E735146AA0CC12CD9F0EEB348C6F8194B0CECB178E270">>},
 {<<"telemetry">>, <<"FEDEBBAE410D715CF8E7062C96A1EF32EC22E764197F70CDA73D82778D61E7A2">>}]},
{pkg_hash_ext,[
 {<<"evoq">>, <<"0D4EFB12CD3549A0B08FA1845F6215616218006D71806C8DFBB894C1140DB88D">>},
 {<<"reckon_gater">>, <<"FFAE47FFFC39B4EEFF84462BFD2418E77DA69E771D1EAAE249D19F8866A49573">>},
 {<<"telemetry">>, <<"7015FC8919DBE63764F4B4B87A95B7C0996BD539E0D499BE6EC9D7F3875B79E6">>}]}
].
