{"1.2.0",
[{<<"evoq">>,{pkg,<<"evoq">>,<<"1.2.0">>},0},
 {<<"reckon_gater">>,{pkg,<<"reckon_gater">>,<<"1.1.0">>},0},
 {<<"telemetry">>,{pkg,<<"telemetry">>,<<"1.3.0">>},0}]}.
[
{pkg_hash,[
 {<<"evoq">>, <<"1AB4F230FA2A8318D5A5725072AE725DC9E57C4F5F336C91F5E5168CACAFB86F">>},
 {<<"reckon_gater">>, <<"775F77730C22F0670145203A1E9CF5F1983801ADA9ED5EC593E0D9846CB7A7F9">>},
 {<<"telemetry">>, <<"FEDEBBAE410D715CF8E7062C96A1EF32EC22E764197F70CDA73D82778D61E7A2">>}]},
{pkg_hash_ext,[
 {<<"evoq">>, <<"9D921D8F4508A9A21CF46D8FC2C65AC0CC042ADE4E823615BE77F46CFEC7890F">>},
 {<<"reckon_gater">>, <<"D87AB1755AF9DCFD0DEFA023D59E929D67BE8BF52505C46DEA44227BD3699D6F">>},
 {<<"telemetry">>, <<"7015FC8919DBE63764F4B4B87A95B7C0996BD539E0D499BE6EC9D7F3875B79E6">>}]}
].
