{"1.2.0",
[{<<"reckon_gater">>,{pkg,<<"reckon_gater">>,<<"2.1.0">>},0},
 {<<"telemetry">>,{pkg,<<"telemetry">>,<<"1.4.1">>},0}]}.
[
{pkg_hash,[
 {<<"reckon_gater">>, <<"2DF075CEC441F4544007FE49A352B05265B103C4F6DD8D1FEFC2B41BCE7127B9">>},
 {<<"telemetry">>, <<"AB6DE178E2B29B58E8256B92B382EA3F590A47152CA3651EA857A6CAE05AC423">>}]},
{pkg_hash_ext,[
 {<<"reckon_gater">>, <<"A448888DC7787AE33CABD63A4FC7CCFAD8916F036AA14D78E9C08DB4F7C4F2DD">>},
 {<<"telemetry">>, <<"2172E05A27531D3D31DD9782841065C50DD5C3C7699D95266B2EDD54C2DAFA1C">>}]}
].
